
Microsoft Visual Studio Solution File, Format Version 12.00
# Visual Studio Version 16
VisualStudioVersion = 16.0.29519.87
MinimumVisualStudioVersion = 10.0.40219.1
Project("{FAE04EC0-301F-11D3-BF4B-00C04F79EFBC}") = "ExamNew", "ExamNew.csproj", "{6E135BD9-DE76-48DE-B2A8-455B8BB599FD}"
EndProject
Global
	GlobalSection(SolutionConfigurationPlatforms) = preSolution
		Debug|Any CPU = Debug|Any CPU
		Release|Any CPU = Release|Any CPU
	EndGlobalSection
	GlobalSection(ProjectConfigurationPlatforms) = postSolution
		{6E135BD9-DE76-48DE-B2A8-455B8BB599FD}.Debug|Any CPU.ActiveCfg = Debug|Any CPU
		{6E135BD9-DE76-48DE-B2A8-455B8BB599FD}.Debug|Any CPU.Build.0 = Debug|Any CPU
		{6E135BD9-DE76-48DE-B2A8-455B8BB599FD}.Release|Any CPU.ActiveCfg = Release|Any CPU
		{6E135BD9-DE76-48DE-B2A8-455B8BB599FD}.Release|Any CPU.Build.0 = Release|Any CPU
	EndGlobalSection
	GlobalSection(SolutionProperties) = preSolution
		HideSolutionNode = FALSE
	EndGlobalSection
	GlobalSection(ExtensibilityGlobals) = postSolution
		SolutionGuid = {B4842637-B220-42FF-8848-8257E722F841}
	EndGlobalSection
EndGlobal
